<?xml version="1.0" encoding="utf-8"?>
<Project ToolsVersion="17.0" xmlns="http://schemas.microsoft.com/developer/msbuild/2003">
  <ItemGroup>
    <CustomBuild Include="C:\soil\buildVS\CMakeFiles\ba5ea23574f3b2acb7c34c1189129b35\generate.stamp.rule">
      <Filter>CMake Rules</Filter>
    </CustomBuild>
  </ItemGroup>
  <ItemGroup>
    <Filter Include="CMake Rules">
      <UniqueIdentifier>{7519A59A-432A-32D5-B698-AAF1A6DC0503}</UniqueIdentifier>
    </Filter>
  </ItemGroup>
</Project>
